
Microsoft Visual Studio Solution File, Format Version 12.00
# Visual Studio Version 16
VisualStudioVersion = 16.0.34601.136
MinimumVisualStudioVersion = 10.0.40219.1
Project("{FAE04EC0-301F-11D3-BF4B-00C04F79EFBC}") = "BMR__Progect", "BMR__Progect\BMR__Progect.csproj", "{D55618A1-1628-470A-8D69-AE03279F1ED3}"
EndProject
Global
	GlobalSection(SolutionConfigurationPlatforms) = preSolution
		Debug|Any CPU = Debug|Any CPU
		Release|Any CPU = Release|Any CPU
	EndGlobalSection
	GlobalSection(ProjectConfigurationPlatforms) = postSolution
		{D55618A1-1628-470A-8D69-AE03279F1ED3}.Debug|Any CPU.ActiveCfg = Debug|Any CPU
		{D55618A1-1628-470A-8D69-AE03279F1ED3}.Debug|Any CPU.Build.0 = Debug|Any CPU
		{D55618A1-1628-470A-8D69-AE03279F1ED3}.Release|Any CPU.ActiveCfg = Release|Any CPU
		{D55618A1-1628-470A-8D69-AE03279F1ED3}.Release|Any CPU.Build.0 = Release|Any CPU
	EndGlobalSection
	GlobalSection(SolutionProperties) = preSolution
		HideSolutionNode = FALSE
	EndGlobalSection
	GlobalSection(ExtensibilityGlobals) = postSolution
		SolutionGuid = {D1066E81-BC25-44E3-B839-BF99430F05D0}
	EndGlobalSection
EndGlobal
